
Microsoft Visual Studio Solution File, Format Version 12.00
# Visual Studio Version 17
VisualStudioVersion = 17.14.36327.8
MinimumVisualStudioVersion = 10.0.40219.1
Project("{FAE04EC0-301F-11D3-BF4B-00C04F79EFBC}") = "PrescottOITShipping", "PrescottOITShipping.csproj", "{6BCD1169-022B-4BD7-91F5-B1AC4997EF88}"
EndProject
Project("{B7DD6F7E-DEF8-4E67-B5B7-07EF123DB6F0}") = "PrescottOITShippingInstaller", "..\PrescottOITShippingInstaller\PrescottOITShippingInstaller.wixproj", "{701CA422-8F0A-B9EB-7294-AFBE5C5C64B8}"
EndProject
Global
	GlobalSection(SolutionConfigurationPlatforms) = preSolution
		Debug|Any CPU = Debug|Any CPU
		Debug|ARM64 = Debug|ARM64
		Debug|x64 = Debug|x64
		Debug|x86 = Debug|x86
		Release|Any CPU = Release|Any CPU
		Release|ARM64 = Release|ARM64
		Release|x64 = Release|x64
		Release|x86 = Release|x86
	EndGlobalSection
	GlobalSection(ProjectConfigurationPlatforms) = postSolution
		{6BCD1169-022B-4BD7-91F5-B1AC4997EF88}.Debug|Any CPU.ActiveCfg = Debug|Any CPU
		{6BCD1169-022B-4BD7-91F5-B1AC4997EF88}.Debug|Any CPU.Build.0 = Debug|Any CPU
		{6BCD1169-022B-4BD7-91F5-B1AC4997EF88}.Debug|ARM64.ActiveCfg = Debug|Any CPU
		{6BCD1169-022B-4BD7-91F5-B1AC4997EF88}.Debug|ARM64.Build.0 = Debug|Any CPU
		{6BCD1169-022B-4BD7-91F5-B1AC4997EF88}.Debug|x64.ActiveCfg = Debug|Any CPU
		{6BCD1169-022B-4BD7-91F5-B1AC4997EF88}.Debug|x64.Build.0 = Debug|Any CPU
		{6BCD1169-022B-4BD7-91F5-B1AC4997EF88}.Debug|x86.ActiveCfg = Debug|Any CPU
		{6BCD1169-022B-4BD7-91F5-B1AC4997EF88}.Debug|x86.Build.0 = Debug|Any CPU
		{6BCD1169-022B-4BD7-91F5-B1AC4997EF88}.Release|Any CPU.ActiveCfg = Release|Any CPU
		{6BCD1169-022B-4BD7-91F5-B1AC4997EF88}.Release|Any CPU.Build.0 = Release|Any CPU
		{6BCD1169-022B-4BD7-91F5-B1AC4997EF88}.Release|ARM64.ActiveCfg = Release|Any CPU
		{6BCD1169-022B-4BD7-91F5-B1AC4997EF88}.Release|ARM64.Build.0 = Release|Any CPU
		{6BCD1169-022B-4BD7-91F5-B1AC4997EF88}.Release|x64.ActiveCfg = Release|Any CPU
		{6BCD1169-022B-4BD7-91F5-B1AC4997EF88}.Release|x64.Build.0 = Release|Any CPU
		{6BCD1169-022B-4BD7-91F5-B1AC4997EF88}.Release|x86.ActiveCfg = Release|Any CPU
		{6BCD1169-022B-4BD7-91F5-B1AC4997EF88}.Release|x86.Build.0 = Release|Any CPU
		{701CA422-8F0A-B9EB-7294-AFBE5C5C64B8}.Debug|Any CPU.ActiveCfg = Debug|x64
		{701CA422-8F0A-B9EB-7294-AFBE5C5C64B8}.Debug|Any CPU.Build.0 = Debug|x64
		{701CA422-8F0A-B9EB-7294-AFBE5C5C64B8}.Debug|ARM64.ActiveCfg = Debug|ARM64
		{701CA422-8F0A-B9EB-7294-AFBE5C5C64B8}.Debug|ARM64.Build.0 = Debug|ARM64
		{701CA422-8F0A-B9EB-7294-AFBE5C5C64B8}.Debug|x64.ActiveCfg = Debug|x64
		{701CA422-8F0A-B9EB-7294-AFBE5C5C64B8}.Debug|x64.Build.0 = Debug|x64
		{701CA422-8F0A-B9EB-7294-AFBE5C5C64B8}.Debug|x86.ActiveCfg = Debug|x86
		{701CA422-8F0A-B9EB-7294-AFBE5C5C64B8}.Debug|x86.Build.0 = Debug|x86
		{701CA422-8F0A-B9EB-7294-AFBE5C5C64B8}.Release|Any CPU.ActiveCfg = Release|x64
		{701CA422-8F0A-B9EB-7294-AFBE5C5C64B8}.Release|Any CPU.Build.0 = Release|x64
		{701CA422-8F0A-B9EB-7294-AFBE5C5C64B8}.Release|ARM64.ActiveCfg = Release|ARM64
		{701CA422-8F0A-B9EB-7294-AFBE5C5C64B8}.Release|ARM64.Build.0 = Release|ARM64
		{701CA422-8F0A-B9EB-7294-AFBE5C5C64B8}.Release|x64.ActiveCfg = Release|x64
		{701CA422-8F0A-B9EB-7294-AFBE5C5C64B8}.Release|x64.Build.0 = Release|x64
		{701CA422-8F0A-B9EB-7294-AFBE5C5C64B8}.Release|x86.ActiveCfg = Release|x86
		{701CA422-8F0A-B9EB-7294-AFBE5C5C64B8}.Release|x86.Build.0 = Release|x86
	EndGlobalSection
	GlobalSection(SolutionProperties) = preSolution
		HideSolutionNode = FALSE
	EndGlobalSection
	GlobalSection(ExtensibilityGlobals) = postSolution
		SolutionGuid = {FFFFE444-42E8-4020-B58B-6D32262961D8}
	EndGlobalSection
EndGlobal
