
Microsoft Visual Studio Solution File, Format Version 12.00
# Visual Studio Version 17
VisualStudioVersion = 17.14.36327.8
MinimumVisualStudioVersion = 10.0.40219.1
Project("{FAE04EC0-301F-11D3-BF4B-00C04F79EFBC}") = "PrescottOITShipping", "PrescottOITShipping.csproj", "{6BCD1169-022B-4BD7-91F5-B1AC4997EF88}"
EndProject
Global
	GlobalSection(SolutionConfigurationPlatforms) = preSolution
		Debug|Any CPU = Debug|Any CPU
		Release|Any CPU = Release|Any CPU
	EndGlobalSection
	GlobalSection(ProjectConfigurationPlatforms) = postSolution
		{6BCD1169-022B-4BD7-91F5-B1AC4997EF88}.Debug|Any CPU.ActiveCfg = Debug|Any CPU
		{6BCD1169-022B-4BD7-91F5-B1AC4997EF88}.Debug|Any CPU.Build.0 = Debug|Any CPU
		{6BCD1169-022B-4BD7-91F5-B1AC4997EF88}.Release|Any CPU.ActiveCfg = Release|Any CPU
		{6BCD1169-022B-4BD7-91F5-B1AC4997EF88}.Release|Any CPU.Build.0 = Release|Any CPU
	EndGlobalSection
	GlobalSection(SolutionProperties) = preSolution
		HideSolutionNode = FALSE
	EndGlobalSection
	GlobalSection(ExtensibilityGlobals) = postSolution
		SolutionGuid = {FFFFE444-42E8-4020-B58B-6D32262961D8}
	EndGlobalSection
EndGlobal
